
Microsoft Visual Studio Solution File, Format Version 12.00
# Visual Studio Version 17
VisualStudioVersion = 17.14.36414.22 d17.14
MinimumVisualStudioVersion = 10.0.40219.1
Project("{FAE04EC0-301F-11D3-BF4B-00C04F79EFBC}") = "ChatBot", "ChatBot\ChatBot.csproj", "{97BC7A08-B5F2-4D0E-8920-E2EBCB56DF0A}"
EndProject
Global
	GlobalSection(SolutionConfigurationPlatforms) = preSolution
		Debug|Any CPU = Debug|Any CPU
		Release|Any CPU = Release|Any CPU
	EndGlobalSection
	GlobalSection(ProjectConfigurationPlatforms) = postSolution
		{97BC7A08-B5F2-4D0E-8920-E2EBCB56DF0A}.Debug|Any CPU.ActiveCfg = Debug|Any CPU
		{97BC7A08-B5F2-4D0E-8920-E2EBCB56DF0A}.Debug|Any CPU.Build.0 = Debug|Any CPU
		{97BC7A08-B5F2-4D0E-8920-E2EBCB56DF0A}.Release|Any CPU.ActiveCfg = Release|Any CPU
		{97BC7A08-B5F2-4D0E-8920-E2EBCB56DF0A}.Release|Any CPU.Build.0 = Release|Any CPU
	EndGlobalSection
	GlobalSection(SolutionProperties) = preSolution
		HideSolutionNode = FALSE
	EndGlobalSection
	GlobalSection(ExtensibilityGlobals) = postSolution
		SolutionGuid = {346CF9D9-86D9-4476-9427-8D5B62919D8C}
	EndGlobalSection
EndGlobal
